
Microsoft Visual Studio Solution File, Format Version 12.00
# Visual Studio Version 17
VisualStudioVersion = 17.6.33829.357
MinimumVisualStudioVersion = 10.0.40219.1
Project("{FAE04EC0-301F-11D3-BF4B-00C04F79EFBC}") = "Rabbit.Publisher.Api", "Rabbit.Publisher.Api\Rabbit.Publisher.Api.csproj", "{D982003D-E8E3-416E-80A0-7A761A89ECE0}"
EndProject
Project("{FAE04EC0-301F-11D3-BF4B-00C04F79EFBC}") = "Rabbit.Consumer", "Rabbit.Consumer\Rabbit.Consumer.csproj", "{D2872B1B-B842-4D92-A1F0-55D968CE0A8A}"
EndProject
Project("{FAE04EC0-301F-11D3-BF4B-00C04F79EFBC}") = "Rabbit.Models", "Rabbit.Models\Rabbit.Models.csproj", "{574D5B31-2C44-484A-B392-7C111EBB6BB3}"
EndProject
Project("{FAE04EC0-301F-11D3-BF4B-00C04F79EFBC}") = "Rabbit.Services", "Rabbit.Services\Rabbit.Services.csproj", "{784CF0B0-7825-4C28-9E3A-D4C9F0F92983}"
EndProject
Project("{FAE04EC0-301F-11D3-BF4B-00C04F79EFBC}") = "Rabbit.Repositories", "Rabbit.Repositories\Rabbit.Repositories.csproj", "{BDA647D2-44A6-411C-A70F-002924DED572}"
EndProject
Global
	GlobalSection(SolutionConfigurationPlatforms) = preSolution
		Debug|Any CPU = Debug|Any CPU
		Release|Any CPU = Release|Any CPU
	EndGlobalSection
	GlobalSection(ProjectConfigurationPlatforms) = postSolution
		{D982003D-E8E3-416E-80A0-7A761A89ECE0}.Debug|Any CPU.ActiveCfg = Debug|Any CPU
		{D982003D-E8E3-416E-80A0-7A761A89ECE0}.Debug|Any CPU.Build.0 = Debug|Any CPU
		{D982003D-E8E3-416E-80A0-7A761A89ECE0}.Release|Any CPU.ActiveCfg = Release|Any CPU
		{D982003D-E8E3-416E-80A0-7A761A89ECE0}.Release|Any CPU.Build.0 = Release|Any CPU
		{D2872B1B-B842-4D92-A1F0-55D968CE0A8A}.Debug|Any CPU.ActiveCfg = Debug|Any CPU
		{D2872B1B-B842-4D92-A1F0-55D968CE0A8A}.Debug|Any CPU.Build.0 = Debug|Any CPU
		{D2872B1B-B842-4D92-A1F0-55D968CE0A8A}.Release|Any CPU.ActiveCfg = Release|Any CPU
		{D2872B1B-B842-4D92-A1F0-55D968CE0A8A}.Release|Any CPU.Build.0 = Release|Any CPU
		{574D5B31-2C44-484A-B392-7C111EBB6BB3}.Debug|Any CPU.ActiveCfg = Debug|Any CPU
		{574D5B31-2C44-484A-B392-7C111EBB6BB3}.Debug|Any CPU.Build.0 = Debug|Any CPU
		{574D5B31-2C44-484A-B392-7C111EBB6BB3}.Release|Any CPU.ActiveCfg = Release|Any CPU
		{574D5B31-2C44-484A-B392-7C111EBB6BB3}.Release|Any CPU.Build.0 = Release|Any CPU
		{784CF0B0-7825-4C28-9E3A-D4C9F0F92983}.Debug|Any CPU.ActiveCfg = Debug|Any CPU
		{784CF0B0-7825-4C28-9E3A-D4C9F0F92983}.Debug|Any CPU.Build.0 = Debug|Any CPU
		{784CF0B0-7825-4C28-9E3A-D4C9F0F92983}.Release|Any CPU.ActiveCfg = Release|Any CPU
		{784CF0B0-7825-4C28-9E3A-D4C9F0F92983}.Release|Any CPU.Build.0 = Release|Any CPU
		{BDA647D2-44A6-411C-A70F-002924DED572}.Debug|Any CPU.ActiveCfg = Debug|Any CPU
		{BDA647D2-44A6-411C-A70F-002924DED572}.Debug|Any CPU.Build.0 = Debug|Any CPU
		{BDA647D2-44A6-411C-A70F-002924DED572}.Release|Any CPU.ActiveCfg = Release|Any CPU
		{BDA647D2-44A6-411C-A70F-002924DED572}.Release|Any CPU.Build.0 = Release|Any CPU
	EndGlobalSection
	GlobalSection(SolutionProperties) = preSolution
		HideSolutionNode = FALSE
	EndGlobalSection
	GlobalSection(ExtensibilityGlobals) = postSolution
		SolutionGuid = {70903816-EDC7-4895-BA19-D988848AB1A5}
	EndGlobalSection
EndGlobal
